Microsoft Visual Studio Solution File, Format Version 12.00
# Visual Studio Version 17
VisualStudioVersion = 17.5.2.0
MinimumVisualStudioVersion = 10.0.40219.1
Project("{FAE04EC0-301F-11D3-BF4B-00C04F79EFBC}") = "DocumentQueryService.Api", "backend-dotnet\DocumentQueryService.Api.csproj", "{4CEFCD3F-E0F0-14FC-9AB5-977819EE2778}"
EndProject
Global
	GlobalSection(SolutionConfigurationPlatforms) = preSolution
		Debug|Any CPU = Debug|Any CPU
		Release|Any CPU = Release|Any CPU
	EndGlobalSection
	GlobalSection(ProjectConfigurationPlatforms) = postSolution
		{4CEFCD3F-E0F0-14FC-9AB5-977819EE2778}.Debug|Any CPU.ActiveCfg = Debug|Any CPU
		{4CEFCD3F-E0F0-14FC-9AB5-977819EE2778}.Debug|Any CPU.Build.0 = Debug|Any CPU
		{4CEFCD3F-E0F0-14FC-9AB5-977819EE2778}.Release|Any CPU.ActiveCfg = Release|Any CPU
		{4CEFCD3F-E0F0-14FC-9AB5-977819EE2778}.Release|Any CPU.Build.0 = Release|Any CPU
	EndGlobalSection
	GlobalSection(SolutionProperties) = preSolution
		HideSolutionNode = FALSE
	EndGlobalSection
	GlobalSection(ExtensibilityGlobals) = postSolution
		SolutionGuid = {FE695606-B6CC-4ED1-A5F2-CAE041739792}
	EndGlobalSection
EndGlobal
